{
  "requires": true,
  "lockfileVersion": 1,
  "dependencies": {
    "@brunomon/odata-fetch-factory": {
      "version": "3.0.0",
      "resolved": "https://registry.npmjs.org/@brunomon/odata-fetch-factory/-/odata-fetch-factory-3.0.0.tgz",
      "integrity": "sha512-U/UwZPmFiNRsvrajRy/rdablS0Kz3eh4gM3U9xkBRFnGDqQbkxSTrL3+QWxQMjQ4eKCFRmlCvXar4Lud4lt4ng=="
    }
  }
}
